{
    "version": 3,
    "terraform_version": "0.11.7",
    "serial": 3,
    "lineage": "3e1e0713-54d7-ada6-581e-2223a0dcf67d",
    "modules": [
        {
            "path": [
                "root"
            ],
            "outputs": {},
            "resources": {
                "google_compute_address.ipexterno": {
                    "type": "google_compute_address",
                    "depends_on": [],
                    "primary": {
                        "id": "projects/estudos-devops/regions/us-central1/addresses/rancher",
                        "attributes": {
                            "address": "35.226.222.12",
                            "address_type": "EXTERNAL",
                            "id": "projects/estudos-devops/regions/us-central1/addresses/rancher",
                            "name": "rancher",
                            "project": "estudos-devops",
                            "region": "us-central1",
                            "self_link": "https://www.googleapis.com/compute/v1/projects/estudos-devops/regions/us-central1/addresses/rancher",
                            "subnetwork": ""
                        },
                        "meta": {
                            "schema_version": "1"
                        },
                        "tainted": false
                    },
                    "deposed": [],
                    "provider": "provider.google"
                },
                "google_compute_firewall.devops": {
                    "type": "google_compute_firewall",
                    "depends_on": [],
                    "primary": {
                        "id": "estudos-devops",
                        "attributes": {
                            "allow.#": "2",
                            "allow.1367131964.ports.#": "0",
                            "allow.1367131964.protocol": "icmp",
                            "allow.3806481057.ports.#": "10",
                            "allow.3806481057.ports.0": "22",
                            "allow.3806481057.ports.1": "443",
                            "allow.3806481057.ports.2": "80",
                            "allow.3806481057.ports.3": "6443",
                            "allow.3806481057.ports.4": "2379-2380",
                            "allow.3806481057.ports.5": "8080",
                            "allow.3806481057.ports.6": "1000-2000",
                            "allow.3806481057.ports.7": "10250-10256",
                            "allow.3806481057.ports.8": "30000-32767",
                            "allow.3806481057.ports.9": "8472",
                            "allow.3806481057.protocol": "tcp",
                            "deny.#": "0",
                            "description": "",
                            "destination_ranges.#": "0",
                            "direction": "INGRESS",
                            "id": "estudos-devops",
                            "name": "estudos-devops",
                            "network": "https://www.googleapis.com/compute/v1/projects/estudos-devops/global/networks/default",
                            "priority": "1000",
                            "project": "estudos-devops",
                            "self_link": "https://www.googleapis.com/compute/v1/projects/estudos-devops/global/firewalls/estudos-devops",
                            "source_ranges.#": "1",
                            "source_ranges.1080289494": "0.0.0.0/0",
                            "source_service_accounts.#": "0",
                            "source_tags.#": "0",
                            "target_service_accounts.#": "0",
                            "target_tags.#": "1",
                            "target_tags.2560179967": "devops"
                        },
                        "meta": {
                            "schema_version": "1"
                        },
                        "tainted": false
                    },
                    "deposed": [],
                    "provider": "provider.google"
                },
                "google_dns_managed_zone.devops": {
                    "type": "google_dns_managed_zone",
                    "depends_on": [],
                    "primary": {
                        "id": "estudos-devops",
                        "attributes": {
                            "description": "Production DNS zone",
                            "dns_name": "estudosdevops.com.br.",
                            "id": "estudos-devops",
                            "name": "estudos-devops",
                            "name_servers.#": "4",
                            "name_servers.0": "ns-cloud-c1.googledomains.com.",
                            "name_servers.1": "ns-cloud-c2.googledomains.com.",
                            "name_servers.2": "ns-cloud-c3.googledomains.com.",
                            "name_servers.3": "ns-cloud-c4.googledomains.com.",
                            "project": "estudos-devops"
                        },
                        "meta": {},
                        "tainted": false
                    },
                    "deposed": [],
                    "provider": "provider.google"
                },
                "google_dns_record_set.devops": {
                    "type": "google_dns_record_set",
                    "depends_on": [
                        "google_compute_address.ipexterno"
                    ],
                    "primary": {
                        "id": "estudos-devops/rancher.estudosdevops.com.br./A",
                        "attributes": {
                            "id": "estudos-devops/rancher.estudosdevops.com.br./A",
                            "managed_zone": "estudos-devops",
                            "name": "rancher.estudosdevops.com.br.",
                            "project": "estudos-devops",
                            "rrdatas.#": "1",
                            "rrdatas.0": "35.226.222.12",
                            "ttl": "1",
                            "type": "A"
                        },
                        "meta": {},
                        "tainted": false
                    },
                    "deposed": [],
                    "provider": "provider.google"
                }
            },
            "depends_on": []
        }
    ]
}
